# This file is autogenerated, do not edit; changes may be undone by the next 'dep ensure'.


[[projects]]
  name = "github.com/davecgh/go-spew"
  packages = ["spew"]
  revision = "346938d642f2ec3594ed81d874461961cd0faa76"
  version = "v1.1.0"

[[projects]]
  branch = "add_ScrolledWindow_ShadowType"
  name = "github.com/gotk3/gotk3"
  packages = [
    "cairo",
    "gdk",
    "glib",
    "gtk",
    "pango"
  ]
  revision = "812534837ca8bb8796183762a69435dc7eb50aac"
  source = "https://github.com/lidaobing/gotk3-1.git"

[[projects]]
  name = "github.com/leonelquinteros/gotext"
  packages = ["."]
  revision = "92b69ffa4cc0895b83b42f50065e9de5a3c32960"
  version = "v1.3.1"

[[projects]]
  branch = "master"
  name = "github.com/lidaobing/gtkmust"
  packages = ["."]
  revision = "b805e2a8d56c17f99871642d7ed7fff85bcf70c5"

[[projects]]
  branch = "master"
  name = "github.com/mattn/kinako"
  packages = [
    "ast",
    "parser",
    "vm"
  ]
  revision = "332c0a7e205a29536e672337a4bea6c7a96b04c1"

[[projects]]
  name = "github.com/pmezard/go-difflib"
  packages = ["difflib"]
  revision = "792786c7400a136282c1664665ae0a8db921c6c2"
  version = "v1.0.0"

[[projects]]
  name = "github.com/stretchr/testify"
  packages = ["assert"]
  revision = "12b6f73e6084dad08a7c6e575284b177ecafbc71"
  version = "v1.2.1"

[[projects]]
  name = "gopkg.in/leonelquinteros/gotext.v1"
  packages = ["."]
  revision = "c583d0991b048efcdd329539853827d6b5f3846f"
  version = "v1.3.0"

[solve-meta]
  analyzer-name = "dep"
  analyzer-version = 1
  inputs-digest = "2f1e8cd530ce8549d913861a9def8f8cc292ba9fe17c933570dda9e1a302ed76"
  solver-name = "gps-cdcl"
  solver-version = 1
